
Microsoft Visual Studio Solution File, Format Version 12.00
Project("{FAE04EC0-301F-11D3-BF4B-00C04F79EFBC}") = "CreateDbFile", "CreateDbFile\CreateDbFile.csproj", "{3B10E6AA-F2CE-450A-876D-574D3672F48A}"
EndProject
Project("{FAE04EC0-301F-11D3-BF4B-00C04F79EFBC}") = "CreateDbFile.UnitTests", "CreateDbFile.UnitTests\CreateDbFile.UnitTests.csproj", "{C9543F1F-A307-4DB9-853B-FA29625B47B8}"
EndProject
Global
	GlobalSection(SolutionConfigurationPlatforms) = preSolution
		Debug|Any CPU = Debug|Any CPU
		Release|Any CPU = Release|Any CPU
	EndGlobalSection
	GlobalSection(ProjectConfigurationPlatforms) = postSolution
		{3B10E6AA-F2CE-450A-876D-574D3672F48A}.Debug|Any CPU.ActiveCfg = Debug|Any CPU
		{3B10E6AA-F2CE-450A-876D-574D3672F48A}.Debug|Any CPU.Build.0 = Debug|Any CPU
		{3B10E6AA-F2CE-450A-876D-574D3672F48A}.Release|Any CPU.ActiveCfg = Release|Any CPU
		{3B10E6AA-F2CE-450A-876D-574D3672F48A}.Release|Any CPU.Build.0 = Release|Any CPU
		{C9543F1F-A307-4DB9-853B-FA29625B47B8}.Debug|Any CPU.ActiveCfg = Debug|Any CPU
		{C9543F1F-A307-4DB9-853B-FA29625B47B8}.Debug|Any CPU.Build.0 = Debug|Any CPU
		{C9543F1F-A307-4DB9-853B-FA29625B47B8}.Release|Any CPU.ActiveCfg = Release|Any CPU
		{C9543F1F-A307-4DB9-853B-FA29625B47B8}.Release|Any CPU.Build.0 = Release|Any CPU
	EndGlobalSection
EndGlobal
